
Microsoft Visual Studio Solution File, Format Version 12.00
# Visual Studio Version 17
VisualStudioVersion = 17.10.35027.167
MinimumVisualStudioVersion = 10.0.40219.1
Project("{FAE04EC0-301F-11D3-BF4B-00C04F79EFBC}") = "Shop", "Shop\Shop.csproj", "{F1752910-1FFE-44DA-AEF4-C2CBB8AB2E33}"
EndProject
Global
	GlobalSection(SolutionConfigurationPlatforms) = preSolution
		Debug|Any CPU = Debug|Any CPU
		Release|Any CPU = Release|Any CPU
	EndGlobalSection
	GlobalSection(ProjectConfigurationPlatforms) = postSolution
		{F1752910-1FFE-44DA-AEF4-C2CBB8AB2E33}.Debug|Any CPU.ActiveCfg = Debug|Any CPU
		{F1752910-1FFE-44DA-AEF4-C2CBB8AB2E33}.Debug|Any CPU.Build.0 = Debug|Any CPU
		{F1752910-1FFE-44DA-AEF4-C2CBB8AB2E33}.Release|Any CPU.ActiveCfg = Release|Any CPU
		{F1752910-1FFE-44DA-AEF4-C2CBB8AB2E33}.Release|Any CPU.Build.0 = Release|Any CPU
	EndGlobalSection
	GlobalSection(SolutionProperties) = preSolution
		HideSolutionNode = FALSE
	EndGlobalSection
	GlobalSection(ExtensibilityGlobals) = postSolution
		SolutionGuid = {F69A4027-4447-4C6B-8839-0835C97F1E0D}
	EndGlobalSection
EndGlobal
